{
  "name": "UI",
  "lockfileVersion": 3,
  "requires": true,
  "packages": {
    "": {
      "dependencies": {
        "deap": "^1.0.1"
      }
    },
    "node_modules/deap": {
      "version": "1.0.1",
      "resolved": "https://registry.npmjs.org/deap/-/deap-1.0.1.tgz",
      "integrity": "sha512-k75KYNZMvwAwes2xIPry/QTffXIchjD8QfABvvfTr80P85jv5ZcKqcoDo+vMe71nNnVnXYe8MA28weyqcf/DKw=="
    }
  }
}
